
Microsoft Visual Studio Solution File, Format Version 12.00
# Visual Studio Version 16
VisualStudioVersion = 16.0.30804.86
MinimumVisualStudioVersion = 10.0.40219.1
Project("{FAE04EC0-301F-11D3-BF4B-00C04F79EFBC}") = "EmployeesWebAPI", "EmployeesWebAPI.csproj", "{C51D048A-768D-49DC-A136-DC8D8089DF2B}"
EndProject
Project("{FAE04EC0-301F-11D3-BF4B-00C04F79EFBC}") = "EmployeesWebAPI.Tests", "..\EmployeesWebAPI.Tests\EmployeesWebAPI.Tests.csproj", "{052E863B-0C4F-4023-9DA8-055443ACAD02}"
EndProject
Global
	GlobalSection(SolutionConfigurationPlatforms) = preSolution
		Debug|Any CPU = Debug|Any CPU
		Release|Any CPU = Release|Any CPU
	EndGlobalSection
	GlobalSection(ProjectConfigurationPlatforms) = postSolution
		{C51D048A-768D-49DC-A136-DC8D8089DF2B}.Debug|Any CPU.ActiveCfg = Debug|Any CPU
		{C51D048A-768D-49DC-A136-DC8D8089DF2B}.Debug|Any CPU.Build.0 = Debug|Any CPU
		{C51D048A-768D-49DC-A136-DC8D8089DF2B}.Release|Any CPU.ActiveCfg = Release|Any CPU
		{C51D048A-768D-49DC-A136-DC8D8089DF2B}.Release|Any CPU.Build.0 = Release|Any CPU
		{052E863B-0C4F-4023-9DA8-055443ACAD02}.Debug|Any CPU.ActiveCfg = Debug|Any CPU
		{052E863B-0C4F-4023-9DA8-055443ACAD02}.Debug|Any CPU.Build.0 = Debug|Any CPU
		{052E863B-0C4F-4023-9DA8-055443ACAD02}.Release|Any CPU.ActiveCfg = Release|Any CPU
		{052E863B-0C4F-4023-9DA8-055443ACAD02}.Release|Any CPU.Build.0 = Release|Any CPU
	EndGlobalSection
	GlobalSection(SolutionProperties) = preSolution
		HideSolutionNode = FALSE
	EndGlobalSection
	GlobalSection(ExtensibilityGlobals) = postSolution
		SolutionGuid = {78FB3FCF-8304-4258-8E24-E0DFD3846FF1}
	EndGlobalSection
EndGlobal
